
Microsoft Visual Studio Solution File, Format Version 12.00
# Visual Studio Version 16
VisualStudioVersion = 16.0.31911.196
MinimumVisualStudioVersion = 10.0.40219.1
Project("{FAE04EC0-301F-11D3-BF4B-00C04F79EFBC}") = "WebAppSISGEFIN", "WebAppSISGEFIN\WebAppSISGEFIN.csproj", "{3B0A624B-5F81-4219-B979-B45C11D46163}"
EndProject
Project("{FAE04EC0-301F-11D3-BF4B-00C04F79EFBC}") = "SisGeFin.Common.Types", "SisGenFin.Common.Types\SisGeFin.Common.Types.csproj", "{B053F8F5-0C8B-493C-BAE7-4ED43F640FB9}"
EndProject
Project("{FAE04EC0-301F-11D3-BF4B-00C04F79EFBC}") = "SisGeFin.Common.Utils", "SisGenFin.Common.Utils\SisGeFin.Common.Utils.csproj", "{B6616E28-5B06-4CFE-9967-44362A4497C9}"
EndProject
Project("{FAE04EC0-301F-11D3-BF4B-00C04F79EFBC}") = "SisGeFin.Reporting.DAT", "SisGeFin.Reporting.DAT\SisGeFin.Reporting.DAT.csproj", "{5B84AD3A-46C4-4561-B440-C27154648EFC}"
EndProject
Project("{FAE04EC0-301F-11D3-BF4B-00C04F79EFBC}") = "SisGeFin.Reporting.BIZ", "SisGeFin.Reporting.BIZ\SisGeFin.Reporting.BIZ.csproj", "{31AAA752-CEA2-4FBB-8355-B5365A8DF432}"
EndProject
Project("{2150E333-8FDC-42A3-9474-1A3956D46DE8}") = "Reporting", "Reporting", "{98F4ACD4-F095-4C1A-A848-1EB6942881FE}"
EndProject
Project("{2150E333-8FDC-42A3-9474-1A3956D46DE8}") = "1 - Comunes", "1 - Comunes", "{394D9DCD-4EA5-4E59-8902-78C6877A5552}"
EndProject
Project("{2150E333-8FDC-42A3-9474-1A3956D46DE8}") = "3 - Capa de Datos", "3 - Capa de Datos", "{47A6CA7F-F262-434A-80DA-02E8DA4FCA07}"
EndProject
Project("{2150E333-8FDC-42A3-9474-1A3956D46DE8}") = "4 - Capa de Negocios", "4 - Capa de Negocios", "{BF43F429-3691-4955-81ED-F12A630CDC3C}"
EndProject
Project("{FAE04EC0-301F-11D3-BF4B-00C04F79EFBC}") = "SisGeFin.Reporting.ENT", "SisGeFin.Reporting.ENT\SisGeFin.Reporting.ENT.csproj", "{39D8E15B-B8BE-492B-BD1B-67A91911D1F4}"
EndProject
Project("{FAE04EC0-301F-11D3-BF4B-00C04F79EFBC}") = "SisGeFin.Common.SqlServer", "SisGenFin.Common.SqlServer\SisGeFin.Common.SqlServer.csproj", "{7FECEEF9-FBDF-48E9-957A-8DD23232A429}"
EndProject
Project("{2150E333-8FDC-42A3-9474-1A3956D46DE8}") = "2 - Capa de Entidades", "2 - Capa de Entidades", "{A3A89362-E185-4F9E-930C-B0BC2648B06B}"
EndProject
Global
	GlobalSection(SolutionConfigurationPlatforms) = preSolution
		Debug|Any CPU = Debug|Any CPU
		Release|Any CPU = Release|Any CPU
	EndGlobalSection
	GlobalSection(ProjectConfigurationPlatforms) = postSolution
		{3B0A624B-5F81-4219-B979-B45C11D46163}.Debug|Any CPU.ActiveCfg = Debug|Any CPU
		{3B0A624B-5F81-4219-B979-B45C11D46163}.Debug|Any CPU.Build.0 = Debug|Any CPU
		{3B0A624B-5F81-4219-B979-B45C11D46163}.Release|Any CPU.ActiveCfg = Release|Any CPU
		{3B0A624B-5F81-4219-B979-B45C11D46163}.Release|Any CPU.Build.0 = Release|Any CPU
		{B053F8F5-0C8B-493C-BAE7-4ED43F640FB9}.Debug|Any CPU.ActiveCfg = Debug|Any CPU
		{B053F8F5-0C8B-493C-BAE7-4ED43F640FB9}.Debug|Any CPU.Build.0 = Debug|Any CPU
		{B053F8F5-0C8B-493C-BAE7-4ED43F640FB9}.Release|Any CPU.ActiveCfg = Release|Any CPU
		{B053F8F5-0C8B-493C-BAE7-4ED43F640FB9}.Release|Any CPU.Build.0 = Release|Any CPU
		{B6616E28-5B06-4CFE-9967-44362A4497C9}.Debug|Any CPU.ActiveCfg = Debug|Any CPU
		{B6616E28-5B06-4CFE-9967-44362A4497C9}.Debug|Any CPU.Build.0 = Debug|Any CPU
		{B6616E28-5B06-4CFE-9967-44362A4497C9}.Release|Any CPU.ActiveCfg = Release|Any CPU
		{B6616E28-5B06-4CFE-9967-44362A4497C9}.Release|Any CPU.Build.0 = Release|Any CPU
		{5B84AD3A-46C4-4561-B440-C27154648EFC}.Debug|Any CPU.ActiveCfg = Debug|Any CPU
		{5B84AD3A-46C4-4561-B440-C27154648EFC}.Debug|Any CPU.Build.0 = Debug|Any CPU
		{5B84AD3A-46C4-4561-B440-C27154648EFC}.Release|Any CPU.ActiveCfg = Release|Any CPU
		{5B84AD3A-46C4-4561-B440-C27154648EFC}.Release|Any CPU.Build.0 = Release|Any CPU
		{31AAA752-CEA2-4FBB-8355-B5365A8DF432}.Debug|Any CPU.ActiveCfg = Debug|Any CPU
		{31AAA752-CEA2-4FBB-8355-B5365A8DF432}.Debug|Any CPU.Build.0 = Debug|Any CPU
		{31AAA752-CEA2-4FBB-8355-B5365A8DF432}.Release|Any CPU.ActiveCfg = Release|Any CPU
		{31AAA752-CEA2-4FBB-8355-B5365A8DF432}.Release|Any CPU.Build.0 = Release|Any CPU
		{39D8E15B-B8BE-492B-BD1B-67A91911D1F4}.Debug|Any CPU.ActiveCfg = Debug|Any CPU
		{39D8E15B-B8BE-492B-BD1B-67A91911D1F4}.Debug|Any CPU.Build.0 = Debug|Any CPU
		{39D8E15B-B8BE-492B-BD1B-67A91911D1F4}.Release|Any CPU.ActiveCfg = Release|Any CPU
		{39D8E15B-B8BE-492B-BD1B-67A91911D1F4}.Release|Any CPU.Build.0 = Release|Any CPU
		{7FECEEF9-FBDF-48E9-957A-8DD23232A429}.Debug|Any CPU.ActiveCfg = Debug|Any CPU
		{7FECEEF9-FBDF-48E9-957A-8DD23232A429}.Debug|Any CPU.Build.0 = Debug|Any CPU
		{7FECEEF9-FBDF-48E9-957A-8DD23232A429}.Release|Any CPU.ActiveCfg = Release|Any CPU
		{7FECEEF9-FBDF-48E9-957A-8DD23232A429}.Release|Any CPU.Build.0 = Release|Any CPU
	EndGlobalSection
	GlobalSection(SolutionProperties) = preSolution
		HideSolutionNode = FALSE
	EndGlobalSection
	GlobalSection(NestedProjects) = preSolution
		{B053F8F5-0C8B-493C-BAE7-4ED43F640FB9} = {394D9DCD-4EA5-4E59-8902-78C6877A5552}
		{B6616E28-5B06-4CFE-9967-44362A4497C9} = {394D9DCD-4EA5-4E59-8902-78C6877A5552}
		{5B84AD3A-46C4-4561-B440-C27154648EFC} = {47A6CA7F-F262-434A-80DA-02E8DA4FCA07}
		{31AAA752-CEA2-4FBB-8355-B5365A8DF432} = {BF43F429-3691-4955-81ED-F12A630CDC3C}
		{394D9DCD-4EA5-4E59-8902-78C6877A5552} = {98F4ACD4-F095-4C1A-A848-1EB6942881FE}
		{47A6CA7F-F262-434A-80DA-02E8DA4FCA07} = {98F4ACD4-F095-4C1A-A848-1EB6942881FE}
		{BF43F429-3691-4955-81ED-F12A630CDC3C} = {98F4ACD4-F095-4C1A-A848-1EB6942881FE}
		{39D8E15B-B8BE-492B-BD1B-67A91911D1F4} = {A3A89362-E185-4F9E-930C-B0BC2648B06B}
		{7FECEEF9-FBDF-48E9-957A-8DD23232A429} = {394D9DCD-4EA5-4E59-8902-78C6877A5552}
		{A3A89362-E185-4F9E-930C-B0BC2648B06B} = {98F4ACD4-F095-4C1A-A848-1EB6942881FE}
	EndGlobalSection
	GlobalSection(ExtensibilityGlobals) = postSolution
		SolutionGuid = {91DB127F-7D24-4531-878E-C6E23BA3329D}
	EndGlobalSection
EndGlobal
